
Microsoft Visual Studio Solution File, Format Version 12.00
# Visual Studio Version 17
VisualStudioVersion = 17.12.35527.113 d17.12
MinimumVisualStudioVersion = 10.0.40219.1
Project("{8BC9CEB8-8B4A-11D0-8D11-00A0C91BC942}") = "GrpcClient", "GrpcClient\GrpcClient.vcxproj", "{161A3E03-BB48-435C-8D55-AEF80484F839}"
	ProjectSection(ProjectDependencies) = postProject
		{F98217DD-FB4E-49A7-B0B7-ACACC689B3F9} = {F98217DD-FB4E-49A7-B0B7-ACACC689B3F9}
	EndProjectSection
EndProject
Project("{8BC9CEB8-8B4A-11D0-8D11-00A0C91BC942}") = "GrpcServer", "GrpcServer\GrpcServer.vcxproj", "{F98217DD-FB4E-49A7-B0B7-ACACC689B3F9}"
EndProject
Global
	GlobalSection(SolutionConfigurationPlatforms) = preSolution
		Debug|x64 = Debug|x64
		Debug|x86 = Debug|x86
		Release|x64 = Release|x64
		Release|x86 = Release|x86
	EndGlobalSection
	GlobalSection(ProjectConfigurationPlatforms) = postSolution
		{161A3E03-BB48-435C-8D55-AEF80484F839}.Debug|x64.ActiveCfg = Debug|x64
		{161A3E03-BB48-435C-8D55-AEF80484F839}.Debug|x64.Build.0 = Debug|x64
		{161A3E03-BB48-435C-8D55-AEF80484F839}.Debug|x86.ActiveCfg = Debug|Win32
		{161A3E03-BB48-435C-8D55-AEF80484F839}.Debug|x86.Build.0 = Debug|Win32
		{161A3E03-BB48-435C-8D55-AEF80484F839}.Release|x64.ActiveCfg = Release|x64
		{161A3E03-BB48-435C-8D55-AEF80484F839}.Release|x64.Build.0 = Release|x64
		{161A3E03-BB48-435C-8D55-AEF80484F839}.Release|x86.ActiveCfg = Release|Win32
		{161A3E03-BB48-435C-8D55-AEF80484F839}.Release|x86.Build.0 = Release|Win32
		{F98217DD-FB4E-49A7-B0B7-ACACC689B3F9}.Debug|x64.ActiveCfg = Debug|x64
		{F98217DD-FB4E-49A7-B0B7-ACACC689B3F9}.Debug|x64.Build.0 = Debug|x64
		{F98217DD-FB4E-49A7-B0B7-ACACC689B3F9}.Debug|x86.ActiveCfg = Debug|Win32
		{F98217DD-FB4E-49A7-B0B7-ACACC689B3F9}.Debug|x86.Build.0 = Debug|Win32
		{F98217DD-FB4E-49A7-B0B7-ACACC689B3F9}.Release|x64.ActiveCfg = Release|x64
		{F98217DD-FB4E-49A7-B0B7-ACACC689B3F9}.Release|x64.Build.0 = Release|x64
		{F98217DD-FB4E-49A7-B0B7-ACACC689B3F9}.Release|x86.ActiveCfg = Release|Win32
		{F98217DD-FB4E-49A7-B0B7-ACACC689B3F9}.Release|x86.Build.0 = Release|Win32
	EndGlobalSection
	GlobalSection(SolutionProperties) = preSolution
		HideSolutionNode = FALSE
	EndGlobalSection
EndGlobal
