
Microsoft Visual Studio Solution File, Format Version 12.00
# Visual Studio Version 17
VisualStudioVersion = 17.12.35527.113 d17.12
MinimumVisualStudioVersion = 10.0.40219.1
Project("{FAE04EC0-301F-11D3-BF4B-00C04F79EFBC}") = "GrpcClient", "GrpcClient\GrpcClient.csproj", "{19FA8847-B5CC-4DB7-BFEB-3892C55EE0ED}"
EndProject
Project("{FAE04EC0-301F-11D3-BF4B-00C04F79EFBC}") = "GrpcServer", "GrpcServer\GrpcServer.csproj", "{432F8FB0-ADA2-4626-9AD8-B1AE60800506}"
EndProject
Global
	GlobalSection(SolutionConfigurationPlatforms) = preSolution
		Debug|Any CPU = Debug|Any CPU
		Release|Any CPU = Release|Any CPU
	EndGlobalSection
	GlobalSection(ProjectConfigurationPlatforms) = postSolution
		{19FA8847-B5CC-4DB7-BFEB-3892C55EE0ED}.Debug|Any CPU.ActiveCfg = Debug|Any CPU
		{19FA8847-B5CC-4DB7-BFEB-3892C55EE0ED}.Debug|Any CPU.Build.0 = Debug|Any CPU
		{19FA8847-B5CC-4DB7-BFEB-3892C55EE0ED}.Release|Any CPU.ActiveCfg = Release|Any CPU
		{19FA8847-B5CC-4DB7-BFEB-3892C55EE0ED}.Release|Any CPU.Build.0 = Release|Any CPU
		{432F8FB0-ADA2-4626-9AD8-B1AE60800506}.Debug|Any CPU.ActiveCfg = Debug|Any CPU
		{432F8FB0-ADA2-4626-9AD8-B1AE60800506}.Debug|Any CPU.Build.0 = Debug|Any CPU
		{432F8FB0-ADA2-4626-9AD8-B1AE60800506}.Release|Any CPU.ActiveCfg = Release|Any CPU
		{432F8FB0-ADA2-4626-9AD8-B1AE60800506}.Release|Any CPU.Build.0 = Release|Any CPU
	EndGlobalSection
	GlobalSection(SolutionProperties) = preSolution
		HideSolutionNode = FALSE
	EndGlobalSection
EndGlobal
